
Microsoft Visual Studio Solution File, Format Version 12.00
# Visual Studio Version 17
VisualStudioVersion = 17.12.35527.113
MinimumVisualStudioVersion = 10.0.40219.1
Project("{FAE04EC0-301F-11D3-BF4B-00C04F79EFBC}") = "KTUBYS10", "KTUBYS10\KTUBYS10.csproj", "{45BAD306-DA78-4EBA-B093-8B82583C8E46}"
EndProject
Global
	GlobalSection(SolutionConfigurationPlatforms) = preSolution
		Debug|Any CPU = Debug|Any CPU
		Release|Any CPU = Release|Any CPU
	EndGlobalSection
	GlobalSection(ProjectConfigurationPlatforms) = postSolution
		{45BAD306-DA78-4EBA-B093-8B82583C8E46}.Debug|Any CPU.ActiveCfg = Debug|Any CPU
		{45BAD306-DA78-4EBA-B093-8B82583C8E46}.Debug|Any CPU.Build.0 = Debug|Any CPU
		{45BAD306-DA78-4EBA-B093-8B82583C8E46}.Release|Any CPU.ActiveCfg = Release|Any CPU
		{45BAD306-DA78-4EBA-B093-8B82583C8E46}.Release|Any CPU.Build.0 = Release|Any CPU
	EndGlobalSection
	GlobalSection(SolutionProperties) = preSolution
		HideSolutionNode = FALSE
	EndGlobalSection
EndGlobal
